
Microsoft Visual Studio Solution File, Format Version 12.00
# Visual Studio 15
VisualStudioVersion = 15.0.27703.2000
MinimumVisualStudioVersion = 10.0.40219.1
Project("{9A19103F-16F7-4668-BE54-9A1E7A4F7556}") = "ComplexNumber", "ComplexNumber\ComplexNumber.csproj", "{AEAF8DF7-3A2E-4028-A197-89D511A85F10}"
EndProject
Project("{9A19103F-16F7-4668-BE54-9A1E7A4F7556}") = "ComplexNumberTest", "ComplexNumberTest\ComplexNumberTest.csproj", "{06D8C346-337E-43B4-901D-0A3285B733BA}"
EndProject
Global
	GlobalSection(SolutionConfigurationPlatforms) = preSolution
		Debug|Any CPU = Debug|Any CPU
		Release|Any CPU = Release|Any CPU
	EndGlobalSection
	GlobalSection(ProjectConfigurationPlatforms) = postSolution
		{AEAF8DF7-3A2E-4028-A197-89D511A85F10}.Debug|Any CPU.ActiveCfg = Debug|Any CPU
		{AEAF8DF7-3A2E-4028-A197-89D511A85F10}.Debug|Any CPU.Build.0 = Debug|Any CPU
		{AEAF8DF7-3A2E-4028-A197-89D511A85F10}.Release|Any CPU.ActiveCfg = Release|Any CPU
		{AEAF8DF7-3A2E-4028-A197-89D511A85F10}.Release|Any CPU.Build.0 = Release|Any CPU
		{06D8C346-337E-43B4-901D-0A3285B733BA}.Debug|Any CPU.ActiveCfg = Debug|Any CPU
		{06D8C346-337E-43B4-901D-0A3285B733BA}.Debug|Any CPU.Build.0 = Debug|Any CPU
		{06D8C346-337E-43B4-901D-0A3285B733BA}.Release|Any CPU.ActiveCfg = Release|Any CPU
		{06D8C346-337E-43B4-901D-0A3285B733BA}.Release|Any CPU.Build.0 = Release|Any CPU
	EndGlobalSection
	GlobalSection(SolutionProperties) = preSolution
		HideSolutionNode = FALSE
	EndGlobalSection
	GlobalSection(ExtensibilityGlobals) = postSolution
		SolutionGuid = {2F4448F8-4F00-44A6-8FDD-325AE45C74CB}
	EndGlobalSection
EndGlobal
